
Microsoft Visual Studio Solution File, Format Version 12.00
# Visual Studio Version 17
VisualStudioVersion = 17.13.35806.99 d17.13
MinimumVisualStudioVersion = 10.0.40219.1
Project("{FAE04EC0-301F-11D3-BF4B-00C04F79EFBC}") = "Omail", "Omail.csproj", "{C2A5F45C-FD35-4E87-BF55-2136FA41AB9A}"
EndProject
Global
	GlobalSection(SolutionConfigurationPlatforms) = preSolution
		Debug|Any CPU = Debug|Any CPU
		Release|Any CPU = Release|Any CPU
	EndGlobalSection
	GlobalSection(ProjectConfigurationPlatforms) = postSolution
		{C2A5F45C-FD35-4E87-BF55-2136FA41AB9A}.Debug|Any CPU.ActiveCfg = Debug|Any CPU
		{C2A5F45C-FD35-4E87-BF55-2136FA41AB9A}.Debug|Any CPU.Build.0 = Debug|Any CPU
		{C2A5F45C-FD35-4E87-BF55-2136FA41AB9A}.Release|Any CPU.ActiveCfg = Release|Any CPU
		{C2A5F45C-FD35-4E87-BF55-2136FA41AB9A}.Release|Any CPU.Build.0 = Release|Any CPU
	EndGlobalSection
	GlobalSection(SolutionProperties) = preSolution
		HideSolutionNode = FALSE
	EndGlobalSection
	GlobalSection(ExtensibilityGlobals) = postSolution
		SolutionGuid = {3BB64407-111D-4946-BCAE-2CB2B650F220}
	EndGlobalSection
EndGlobal
